
Microsoft Visual Studio Solution File, Format Version 12.00
# Visual Studio 15
VisualStudioVersion = 15.0.26403.7
MinimumVisualStudioVersion = 10.0.40219.1
Project("{FAE04EC0-301F-11D3-BF4B-00C04F79EFBC}") = "WorkoutTracker.Web", "WorkoutTracker.Web\WorkoutTracker.Web.csproj", "{CA4FF61E-0FD7-4ECD-98D1-3B88FC463B5C}"
EndProject
Project("{FAE04EC0-301F-11D3-BF4B-00C04F79EFBC}") = "WorkoutTracker.Api", "WorkoutTracker.Api\WorkoutTracker.Api.csproj", "{E08A8297-F691-4951-9B05-13F2341EFBC6}"
EndProject
Project("{FAE04EC0-301F-11D3-BF4B-00C04F79EFBC}") = "WorkoutTracker.Core", "WorkoutTracker.Contracts\WorkoutTracker.Core.csproj", "{B79D88FB-3AD9-49E9-9E46-F2BCC448460D}"
EndProject
Project("{FAE04EC0-301F-11D3-BF4B-00C04F79EFBC}") = "WorkoutTracker.Tests", "WorkoutTracker.Tests\WorkoutTracker.Tests.csproj", "{B37DCE2C-64C8-405F-927F-739FF77F81ED}"
EndProject
Project("{FAE04EC0-301F-11D3-BF4B-00C04F79EFBC}") = "WorkoutTracker.Api.NetCore", "WorkoutTracker.Api.NetCore\WorkoutTracker.Api.NetCore.csproj", "{110D07AB-E639-4064-AAB7-90F22A8570CB}"
EndProject
Project("{FAE04EC0-301F-11D3-BF4B-00C04F79EFBC}") = "WorkoutTracker.Core.NetCore", "WorkoutTracker.Core.NetCore\WorkoutTracker.Core.NetCore.csproj", "{67D54EEE-CD27-4589-9ABB-92BEA46AB59A}"
EndProject
Project("{FAE04EC0-301F-11D3-BF4B-00C04F79EFBC}") = "WorkoutTracker.Tests.NetCore", "WorkoutTracker.Tests.NetCore\WorkoutTracker.Tests.NetCore.csproj", "{BCE99E23-D2A0-435E-AE87-845DD89B2CCA}"
EndProject
Global
	GlobalSection(SolutionConfigurationPlatforms) = preSolution
		Debug|Any CPU = Debug|Any CPU
		Release|Any CPU = Release|Any CPU
	EndGlobalSection
	GlobalSection(ProjectConfigurationPlatforms) = postSolution
		{CA4FF61E-0FD7-4ECD-98D1-3B88FC463B5C}.Debug|Any CPU.ActiveCfg = Debug|Any CPU
		{CA4FF61E-0FD7-4ECD-98D1-3B88FC463B5C}.Debug|Any CPU.Build.0 = Debug|Any CPU
		{CA4FF61E-0FD7-4ECD-98D1-3B88FC463B5C}.Release|Any CPU.ActiveCfg = Release|Any CPU
		{CA4FF61E-0FD7-4ECD-98D1-3B88FC463B5C}.Release|Any CPU.Build.0 = Release|Any CPU
		{E08A8297-F691-4951-9B05-13F2341EFBC6}.Debug|Any CPU.ActiveCfg = Debug|Any CPU
		{E08A8297-F691-4951-9B05-13F2341EFBC6}.Debug|Any CPU.Build.0 = Debug|Any CPU
		{E08A8297-F691-4951-9B05-13F2341EFBC6}.Release|Any CPU.ActiveCfg = Release|Any CPU
		{E08A8297-F691-4951-9B05-13F2341EFBC6}.Release|Any CPU.Build.0 = Release|Any CPU
		{B79D88FB-3AD9-49E9-9E46-F2BCC448460D}.Debug|Any CPU.ActiveCfg = Debug|Any CPU
		{B79D88FB-3AD9-49E9-9E46-F2BCC448460D}.Debug|Any CPU.Build.0 = Debug|Any CPU
		{B79D88FB-3AD9-49E9-9E46-F2BCC448460D}.Release|Any CPU.ActiveCfg = Release|Any CPU
		{B79D88FB-3AD9-49E9-9E46-F2BCC448460D}.Release|Any CPU.Build.0 = Release|Any CPU
		{B37DCE2C-64C8-405F-927F-739FF77F81ED}.Debug|Any CPU.ActiveCfg = Debug|Any CPU
		{B37DCE2C-64C8-405F-927F-739FF77F81ED}.Debug|Any CPU.Build.0 = Debug|Any CPU
		{B37DCE2C-64C8-405F-927F-739FF77F81ED}.Release|Any CPU.ActiveCfg = Release|Any CPU
		{B37DCE2C-64C8-405F-927F-739FF77F81ED}.Release|Any CPU.Build.0 = Release|Any CPU
		{110D07AB-E639-4064-AAB7-90F22A8570CB}.Debug|Any CPU.ActiveCfg = Debug|Any CPU
		{110D07AB-E639-4064-AAB7-90F22A8570CB}.Debug|Any CPU.Build.0 = Debug|Any CPU
		{110D07AB-E639-4064-AAB7-90F22A8570CB}.Release|Any CPU.ActiveCfg = Release|Any CPU
		{110D07AB-E639-4064-AAB7-90F22A8570CB}.Release|Any CPU.Build.0 = Release|Any CPU
		{67D54EEE-CD27-4589-9ABB-92BEA46AB59A}.Debug|Any CPU.ActiveCfg = Debug|Any CPU
		{67D54EEE-CD27-4589-9ABB-92BEA46AB59A}.Debug|Any CPU.Build.0 = Debug|Any CPU
		{67D54EEE-CD27-4589-9ABB-92BEA46AB59A}.Release|Any CPU.ActiveCfg = Release|Any CPU
		{67D54EEE-CD27-4589-9ABB-92BEA46AB59A}.Release|Any CPU.Build.0 = Release|Any CPU
		{BCE99E23-D2A0-435E-AE87-845DD89B2CCA}.Debug|Any CPU.ActiveCfg = Debug|Any CPU
		{BCE99E23-D2A0-435E-AE87-845DD89B2CCA}.Debug|Any CPU.Build.0 = Debug|Any CPU
		{BCE99E23-D2A0-435E-AE87-845DD89B2CCA}.Release|Any CPU.ActiveCfg = Release|Any CPU
		{BCE99E23-D2A0-435E-AE87-845DD89B2CCA}.Release|Any CPU.Build.0 = Release|Any CPU
	EndGlobalSection
	GlobalSection(SolutionProperties) = preSolution
		HideSolutionNode = FALSE
	EndGlobalSection
EndGlobal
