
Microsoft Visual Studio Solution File, Format Version 12.00
# Visual Studio 15
VisualStudioVersion = 15.0.27130.2036
MinimumVisualStudioVersion = 10.0.40219.1
Project("{9A19103F-16F7-4668-BE54-9A1E7A4F7556}") = "WorkoutTracker.Core", "WorkoutTracker.Core\WorkoutTracker.Core.csproj", "{28BD96B7-AEEA-44FB-99A3-B4789B6FD62B}"
EndProject
Project("{9A19103F-16F7-4668-BE54-9A1E7A4F7556}") = "WorkoutTracker.Web", "WorkoutTracker.Web\WorkoutTracker.Web.csproj", "{857F1CFB-8647-46C8-AD5F-78768E050023}"
EndProject
Project("{9A19103F-16F7-4668-BE54-9A1E7A4F7556}") = "WorkoutTracker.Tests", "WorkoutTracker.Tests\WorkoutTracker.Tests.csproj", "{5046587B-1CC4-477D-999E-0929FAD00B3F}"
EndProject
Global
	GlobalSection(SolutionConfigurationPlatforms) = preSolution
		Debug|Any CPU = Debug|Any CPU
		Release|Any CPU = Release|Any CPU
	EndGlobalSection
	GlobalSection(ProjectConfigurationPlatforms) = postSolution
		{28BD96B7-AEEA-44FB-99A3-B4789B6FD62B}.Debug|Any CPU.ActiveCfg = Debug|Any CPU
		{28BD96B7-AEEA-44FB-99A3-B4789B6FD62B}.Debug|Any CPU.Build.0 = Debug|Any CPU
		{28BD96B7-AEEA-44FB-99A3-B4789B6FD62B}.Release|Any CPU.ActiveCfg = Release|Any CPU
		{28BD96B7-AEEA-44FB-99A3-B4789B6FD62B}.Release|Any CPU.Build.0 = Release|Any CPU
		{857F1CFB-8647-46C8-AD5F-78768E050023}.Debug|Any CPU.ActiveCfg = Debug|Any CPU
		{857F1CFB-8647-46C8-AD5F-78768E050023}.Debug|Any CPU.Build.0 = Debug|Any CPU
		{857F1CFB-8647-46C8-AD5F-78768E050023}.Release|Any CPU.ActiveCfg = Release|Any CPU
		{857F1CFB-8647-46C8-AD5F-78768E050023}.Release|Any CPU.Build.0 = Release|Any CPU
		{5046587B-1CC4-477D-999E-0929FAD00B3F}.Debug|Any CPU.ActiveCfg = Debug|Any CPU
		{5046587B-1CC4-477D-999E-0929FAD00B3F}.Debug|Any CPU.Build.0 = Debug|Any CPU
		{5046587B-1CC4-477D-999E-0929FAD00B3F}.Release|Any CPU.ActiveCfg = Release|Any CPU
		{5046587B-1CC4-477D-999E-0929FAD00B3F}.Release|Any CPU.Build.0 = Release|Any CPU
	EndGlobalSection
	GlobalSection(SolutionProperties) = preSolution
		HideSolutionNode = FALSE
	EndGlobalSection
	GlobalSection(ExtensibilityGlobals) = postSolution
		SolutionGuid = {8133E8BC-0479-4B17-A7B3-4CBD21AC09EB}
	EndGlobalSection
EndGlobal
